
Microsoft Visual Studio Solution File, Format Version 12.00
# Visual Studio 2013
VisualStudioVersion = 12.0.21005.1
MinimumVisualStudioVersion = 10.0.40219.1
Project("{F184B08F-C81C-45F6-A57F-5ABD9991F28F}") = "TriDESer", "TriDESer\TriDESer.vbproj", "{F63AB752-E5A1-4477-A5B8-28B2C9598FAA}"
EndProject
Global
	GlobalSection(SolutionConfigurationPlatforms) = preSolution
		Debug|Any CPU = Debug|Any CPU
		Release|Any CPU = Release|Any CPU
	EndGlobalSection
	GlobalSection(ProjectConfigurationPlatforms) = postSolution
		{F63AB752-E5A1-4477-A5B8-28B2C9598FAA}.Debug|Any CPU.ActiveCfg = Debug|Any CPU
		{F63AB752-E5A1-4477-A5B8-28B2C9598FAA}.Debug|Any CPU.Build.0 = Debug|Any CPU
		{F63AB752-E5A1-4477-A5B8-28B2C9598FAA}.Release|Any CPU.ActiveCfg = Release|Any CPU
		{F63AB752-E5A1-4477-A5B8-28B2C9598FAA}.Release|Any CPU.Build.0 = Release|Any CPU
	EndGlobalSection
	GlobalSection(SolutionProperties) = preSolution
		HideSolutionNode = FALSE
	EndGlobalSection
EndGlobal
